
Microsoft Visual Studio Solution File, Format Version 12.00
# Visual Studio 15
VisualStudioVersion = 15.0.28010.2041
MinimumVisualStudioVersion = 10.0.40219.1
Project("{8BC9CEB8-8B4A-11D0-8D11-00A0C91BC942}") = "_prj_00_core", "_prj_00_core\_prj_00_core.vcxproj", "{4D8AF851-D950-48CA-8FF0-FF31F6479BCC}"
EndProject
Project("{8BC9CEB8-8B4A-11D0-8D11-00A0C91BC942}") = "_prj_01_test", "_prj_01_test\_prj_01_test.vcxproj", "{EA00A5D2-72F5-4A5A-8EBE-F17694976DCF}"
EndProject
Project("{8BC9CEB8-8B4A-11D0-8D11-00A0C91BC942}") = "_prj_02_loadModel", "_prj_02_loadModel\_prj_02_loadModel.vcxproj", "{0F32EDE0-098B-4064-8FF3-EF96B0E6DAC6}"
EndProject
Project("{8BC9CEB8-8B4A-11D0-8D11-00A0C91BC942}") = "_prj_03_loadModel2", "_prj_03_loadModel2\_prj_03_loadModel2.vcxproj", "{5748442C-4E4E-4BB4-B3F0-BD89AD8CD405}"
EndProject
Project("{8BC9CEB8-8B4A-11D0-8D11-00A0C91BC942}") = "_prj_04_characterPrinter", "_prj_04_characterPrinter\_prj_04_characterPrinter.vcxproj", "{B9BA6A12-3DCC-4991-BAE4-4E9D8883D008}"
EndProject
Global
	GlobalSection(SolutionConfigurationPlatforms) = preSolution
		Debug|x64 = Debug|x64
		Debug|x86 = Debug|x86
		Release|x64 = Release|x64
		Release|x86 = Release|x86
	EndGlobalSection
	GlobalSection(ProjectConfigurationPlatforms) = postSolution
		{4D8AF851-D950-48CA-8FF0-FF31F6479BCC}.Debug|x64.ActiveCfg = Debug|x64
		{4D8AF851-D950-48CA-8FF0-FF31F6479BCC}.Debug|x64.Build.0 = Debug|x64
		{4D8AF851-D950-48CA-8FF0-FF31F6479BCC}.Debug|x86.ActiveCfg = Debug|Win32
		{4D8AF851-D950-48CA-8FF0-FF31F6479BCC}.Debug|x86.Build.0 = Debug|Win32
		{4D8AF851-D950-48CA-8FF0-FF31F6479BCC}.Release|x64.ActiveCfg = Release|x64
		{4D8AF851-D950-48CA-8FF0-FF31F6479BCC}.Release|x64.Build.0 = Release|x64
		{4D8AF851-D950-48CA-8FF0-FF31F6479BCC}.Release|x86.ActiveCfg = Release|Win32
		{4D8AF851-D950-48CA-8FF0-FF31F6479BCC}.Release|x86.Build.0 = Release|Win32
		{EA00A5D2-72F5-4A5A-8EBE-F17694976DCF}.Debug|x64.ActiveCfg = Debug|x64
		{EA00A5D2-72F5-4A5A-8EBE-F17694976DCF}.Debug|x64.Build.0 = Debug|x64
		{EA00A5D2-72F5-4A5A-8EBE-F17694976DCF}.Debug|x86.ActiveCfg = Debug|Win32
		{EA00A5D2-72F5-4A5A-8EBE-F17694976DCF}.Debug|x86.Build.0 = Debug|Win32
		{EA00A5D2-72F5-4A5A-8EBE-F17694976DCF}.Release|x64.ActiveCfg = Release|x64
		{EA00A5D2-72F5-4A5A-8EBE-F17694976DCF}.Release|x64.Build.0 = Release|x64
		{EA00A5D2-72F5-4A5A-8EBE-F17694976DCF}.Release|x86.ActiveCfg = Release|Win32
		{EA00A5D2-72F5-4A5A-8EBE-F17694976DCF}.Release|x86.Build.0 = Release|Win32
		{0F32EDE0-098B-4064-8FF3-EF96B0E6DAC6}.Debug|x64.ActiveCfg = Debug|x64
		{0F32EDE0-098B-4064-8FF3-EF96B0E6DAC6}.Debug|x64.Build.0 = Debug|x64
		{0F32EDE0-098B-4064-8FF3-EF96B0E6DAC6}.Debug|x86.ActiveCfg = Debug|Win32
		{0F32EDE0-098B-4064-8FF3-EF96B0E6DAC6}.Debug|x86.Build.0 = Debug|Win32
		{0F32EDE0-098B-4064-8FF3-EF96B0E6DAC6}.Release|x64.ActiveCfg = Release|x64
		{0F32EDE0-098B-4064-8FF3-EF96B0E6DAC6}.Release|x64.Build.0 = Release|x64
		{0F32EDE0-098B-4064-8FF3-EF96B0E6DAC6}.Release|x86.ActiveCfg = Release|Win32
		{0F32EDE0-098B-4064-8FF3-EF96B0E6DAC6}.Release|x86.Build.0 = Release|Win32
		{5748442C-4E4E-4BB4-B3F0-BD89AD8CD405}.Debug|x64.ActiveCfg = Debug|x64
		{5748442C-4E4E-4BB4-B3F0-BD89AD8CD405}.Debug|x64.Build.0 = Debug|x64
		{5748442C-4E4E-4BB4-B3F0-BD89AD8CD405}.Debug|x86.ActiveCfg = Debug|Win32
		{5748442C-4E4E-4BB4-B3F0-BD89AD8CD405}.Debug|x86.Build.0 = Debug|Win32
		{5748442C-4E4E-4BB4-B3F0-BD89AD8CD405}.Release|x64.ActiveCfg = Release|x64
		{5748442C-4E4E-4BB4-B3F0-BD89AD8CD405}.Release|x64.Build.0 = Release|x64
		{5748442C-4E4E-4BB4-B3F0-BD89AD8CD405}.Release|x86.ActiveCfg = Release|Win32
		{5748442C-4E4E-4BB4-B3F0-BD89AD8CD405}.Release|x86.Build.0 = Release|Win32
		{B9BA6A12-3DCC-4991-BAE4-4E9D8883D008}.Debug|x64.ActiveCfg = Debug|x64
		{B9BA6A12-3DCC-4991-BAE4-4E9D8883D008}.Debug|x64.Build.0 = Debug|x64
		{B9BA6A12-3DCC-4991-BAE4-4E9D8883D008}.Debug|x86.ActiveCfg = Debug|Win32
		{B9BA6A12-3DCC-4991-BAE4-4E9D8883D008}.Debug|x86.Build.0 = Debug|Win32
		{B9BA6A12-3DCC-4991-BAE4-4E9D8883D008}.Release|x64.ActiveCfg = Release|x64
		{B9BA6A12-3DCC-4991-BAE4-4E9D8883D008}.Release|x64.Build.0 = Release|x64
		{B9BA6A12-3DCC-4991-BAE4-4E9D8883D008}.Release|x86.ActiveCfg = Release|Win32
		{B9BA6A12-3DCC-4991-BAE4-4E9D8883D008}.Release|x86.Build.0 = Release|Win32
	EndGlobalSection
	GlobalSection(SolutionProperties) = preSolution
		HideSolutionNode = FALSE
	EndGlobalSection
	GlobalSection(ExtensibilityGlobals) = postSolution
		SolutionGuid = {DC52CE0D-7D28-41BE-9050-4C3983E33226}
	EndGlobalSection
EndGlobal
