<?xml version="1.0" encoding="utf-8"?>
<Project ToolsVersion="4.0" xmlns="http://schemas.microsoft.com/developer/msbuild/2003">
  <ItemGroup>
    <Filter Include="source">
      <UniqueIdentifier>{63cbfbf0-1055-45b0-b6f8-a784ad5af71c}</UniqueIdentifier>
    </Filter>
    <Filter Include="source\core">
      <UniqueIdentifier>{ee3750a6-a13d-47f9-866c-65ee626ad18e}</UniqueIdentifier>
    </Filter>
    <Filter Include="source\math">
      <UniqueIdentifier>{e7cbf2bd-b409-4fa0-8f1d-a89ab53d19ac}</UniqueIdentifier>
    </Filter>
    <Filter Include="source\application">
      <UniqueIdentifier>{545b27b1-386b-4d28-b82c-f5b302d64962}</UniqueIdentifier>
    </Filter>
    <Filter Include="source\utility">
      <UniqueIdentifier>{6f02c387-3a40-494e-bcc7-f5302edfa24b}</UniqueIdentifier>
    </Filter>
  </ItemGroup>
  <ItemGroup>
    <ClInclude Include="..\source\core\Macros.hpp">
      <Filter>source\core</Filter>
    </ClInclude>
    <ClInclude Include="..\source\math\math_x.hpp">
      <Filter>source\math</Filter>
    </ClInclude>
    <ClInclude Include="..\source\application\_base.hpp">
      <Filter>source\application</Filter>
    </ClInclude>
    <ClInclude Include="..\source\utility\print_x.hpp">
      <Filter>source\utility</Filter>
    </ClInclude>
    <ClInclude Include="..\source\utility\ValidationLayer.hpp">
      <Filter>source\utility</Filter>
    </ClInclude>
    <ClInclude Include="..\source\core\Presentation.hpp">
      <Filter>source\core</Filter>
    </ClInclude>
    <ClInclude Include="..\source\core\VkInstance.hpp">
      <Filter>source\core</Filter>
    </ClInclude>
    <ClInclude Include="..\source\core\CoreGlobal.hpp">
      <Filter>source\core</Filter>
    </ClInclude>
    <ClInclude Include="..\source\core\GraphicsPipeline.hpp">
      <Filter>source\core</Filter>
    </ClInclude>
    <ClInclude Include="..\source\core\VkBase.hpp">
      <Filter>source\core</Filter>
    </ClInclude>
  </ItemGroup>
  <ItemGroup>
    <ClCompile Include="..\source\core\VkInstance.cpp">
      <Filter>source\core</Filter>
    </ClCompile>
    <ClCompile Include="..\source\utility\ValidationLayer.cpp">
      <Filter>source\utility</Filter>
    </ClCompile>
    <ClCompile Include="..\source\core\Presentation.cpp">
      <Filter>source\core</Filter>
    </ClCompile>
    <ClCompile Include="..\source\core\GraphicsPipeline.cpp">
      <Filter>source\core</Filter>
    </ClCompile>
  </ItemGroup>
</Project>